
Microsoft Visual Studio Solution File, Format Version 12.00
# Visual Studio 15
VisualStudioVersion = 15.0.28307.572
MinimumVisualStudioVersion = 10.0.40219.1
Project("{FAE04EC0-301F-11D3-BF4B-00C04F79EFBC}") = "ACMH", "ACMH\ACMH.csproj", "{D52494F5-47F4-4CC2-ADEF-CA2E1CBA5162}"
EndProject
Global
	GlobalSection(SolutionConfigurationPlatforms) = preSolution
		Debug|Any CPU = Debug|Any CPU
		Release|Any CPU = Release|Any CPU
	EndGlobalSection
	GlobalSection(ProjectConfigurationPlatforms) = postSolution
		{D52494F5-47F4-4CC2-ADEF-CA2E1CBA5162}.Debug|Any CPU.ActiveCfg = Debug|Any CPU
		{D52494F5-47F4-4CC2-ADEF-CA2E1CBA5162}.Debug|Any CPU.Build.0 = Debug|Any CPU
		{D52494F5-47F4-4CC2-ADEF-CA2E1CBA5162}.Release|Any CPU.ActiveCfg = Release|Any CPU
		{D52494F5-47F4-4CC2-ADEF-CA2E1CBA5162}.Release|Any CPU.Build.0 = Release|Any CPU
	EndGlobalSection
	GlobalSection(SolutionProperties) = preSolution
		HideSolutionNode = FALSE
	EndGlobalSection
	GlobalSection(ExtensibilityGlobals) = postSolution
		SolutionGuid = {AAC5CCAB-C0B6-49A8-B36C-B2EA3C016D42}
	EndGlobalSection
EndGlobal
